// !$*UTF8*$!
{
	archiveVersion = 1;
	classes = {
	};
	objectVersion = 56;
	objects = {

/* Begin PBXBuildFile section */
		D022B74A2B5E0AC600B89A22 /* Challenge11.swift in Sources */ = {isa = PBXBuildFile; fileRef = D022B7492B5E0AC600B89A22 /* Challenge11.swift */; };
		D0C7E7322B2FFF9E0032ED77 /* main.swift in Sources */ = {isa = PBXBuildFile; fileRef = D0C7E7312B2FFF9E0032ED77 /* main.swift */; };
		D0C7E73A2B3000200032ED77 /* Challenge1.swift in Sources */ = {isa = PBXBuildFile; fileRef = D0C7E7392B3000200032ED77 /* Challenge1.swift */; };
		D0C7E73C2B3002480032ED77 /* Challenge2.swift in Sources */ = {isa = PBXBuildFile; fileRef = D0C7E73B2B3002480032ED77 /* Challenge2.swift */; };
		D0C7E73E2B3003D50032ED77 /* Challenge3.swift in Sources */ = {isa = PBXBuildFile; fileRef = D0C7E73D2B3003D50032ED77 /* Challenge3.swift */; };
		D0CE0BC52B48656A001ADA30 /* Challenge5.swift in Sources */ = {isa = PBXBuildFile; fileRef = D0CE0BC42B48656A001ADA30 /* Challenge5.swift */; };
		D0CE0BC72B486573001ADA30 /* Challenge4.swift in Sources */ = {isa = PBXBuildFile; fileRef = D0CE0BC62B486573001ADA30 /* Challenge4.swift */; };
		D0CE0BC92B489694001ADA30 /* Challenge6.swift in Sources */ = {isa = PBXBuildFile; fileRef = D0CE0BC82B489694001ADA30 /* Challenge6.swift */; };
		D0CE0BCB2B49673C001ADA30 /* Challenge7.swift in Sources */ = {isa = PBXBuildFile; fileRef = D0CE0BCA2B49673C001ADA30 /* Challenge7.swift */; };
		D0CE0BCD2B496CDA001ADA30 /* Challenge8.swift in Sources */ = {isa = PBXBuildFile; fileRef = D0CE0BCC2B496CDA001ADA30 /* Challenge8.swift */; };
		D0CE0BCF2B497C59001ADA30 /* Challenge9.swift in Sources */ = {isa = PBXBuildFile; fileRef = D0CE0BCE2B497C59001ADA30 /* Challenge9.swift */; };
		D0CE0BD12B49886B001ADA30 /* Challenge10.swift in Sources */ = {isa = PBXBuildFile; fileRef = D0CE0BD02B49886B001ADA30 /* Challenge10.swift */; };
/* End PBXBuildFile section */

/* Begin PBXCopyFilesBuildPhase section */
		D0C7E72C2B2FFF9E0032ED77 /* CopyFiles */ = {
			isa = PBXCopyFilesBuildPhase;
			buildActionMask = 2147483647;
			dstPath = /usr/share/man/man1/;
			dstSubfolderSpec = 0;
			files = (
			);
			runOnlyForDeploymentPostprocessing = 1;
		};
/* End PBXCopyFilesBuildPhase section */

/* Begin PBXFileReference section */
		D022B7492B5E0AC600B89A22 /* Challenge11.swift */ = {isa = PBXFileReference; lastKnownFileType = sourcecode.swift; path = Challenge11.swift; sourceTree = "<group>"; };
		D0C7E72E2B2FFF9E0032ED77 /* Swift_Coding_Challenges_Hudson_2018 */ = {isa = PBXFileReference; explicitFileType = "compiled.mach-o.executable"; includeInIndex = 0; path = Swift_Coding_Challenges_Hudson_2018; sourceTree = BUILT_PRODUCTS_DIR; };
		D0C7E7312B2FFF9E0032ED77 /* main.swift */ = {isa = PBXFileReference; lastKnownFileType = sourcecode.swift; path = main.swift; sourceTree = "<group>"; };
		D0C7E7392B3000200032ED77 /* Challenge1.swift */ = {isa = PBXFileReference; lastKnownFileType = sourcecode.swift; path = Challenge1.swift; sourceTree = "<group>"; };
		D0C7E73B2B3002480032ED77 /* Challenge2.swift */ = {isa = PBXFileReference; lastKnownFileType = sourcecode.swift; path = Challenge2.swift; sourceTree = "<group>"; };
		D0C7E73D2B3003D50032ED77 /* Challenge3.swift */ = {isa = PBXFileReference; lastKnownFileType = sourcecode.swift; path = Challenge3.swift; sourceTree = "<group>"; };
		D0CE0BC42B48656A001ADA30 /* Challenge5.swift */ = {isa = PBXFileReference; lastKnownFileType = sourcecode.swift; path = Challenge5.swift; sourceTree = "<group>"; };
		D0CE0BC62B486573001ADA30 /* Challenge4.swift */ = {isa = PBXFileReference; lastKnownFileType = sourcecode.swift; path = Challenge4.swift; sourceTree = "<group>"; };
		D0CE0BC82B489694001ADA30 /* Challenge6.swift */ = {isa = PBXFileReference; lastKnownFileType = sourcecode.swift; path = Challenge6.swift; sourceTree = "<group>"; };
		D0CE0BCA2B49673C001ADA30 /* Challenge7.swift */ = {isa = PBXFileReference; lastKnownFileType = sourcecode.swift; path = Challenge7.swift; sourceTree = "<group>"; };
		D0CE0BCC2B496CDA001ADA30 /* Challenge8.swift */ = {isa = PBXFileReference; lastKnownFileType = sourcecode.swift; path = Challenge8.swift; sourceTree = "<group>"; };
		D0CE0BCE2B497C59001ADA30 /* Challenge9.swift */ = {isa = PBXFileReference; lastKnownFileType = sourcecode.swift; path = Challenge9.swift; sourceTree = "<group>"; };
		D0CE0BD02B49886B001ADA30 /* Challenge10.swift */ = {isa = PBXFileReference; lastKnownFileType = sourcecode.swift; path = Challenge10.swift; sourceTree = "<group>"; };
/* End PBXFileReference section */

/* Begin PBXFrameworksBuildPhase section */
		D0C7E72B2B2FFF9E0032ED77 /* Frameworks */ = {
			isa = PBXFrameworksBuildPhase;
			buildActionMask = 2147483647;
			files = (
			);
			runOnlyForDeploymentPostprocessing = 0;
		};
/* End PBXFrameworksBuildPhase section */

/* Begin PBXGroup section */
		D0C7E7252B2FFF9E0032ED77 = {
			isa = PBXGroup;
			children = (
				D0C7E7302B2FFF9E0032ED77 /* Swift_Coding_Challenges_Hudson_2018 */,
				D0C7E72F2B2FFF9E0032ED77 /* Products */,
			);
			sourceTree = "<group>";
		};
		D0C7E72F2B2FFF9E0032ED77 /* Products */ = {
			isa = PBXGroup;
			children = (
				D0C7E72E2B2FFF9E0032ED77 /* Swift_Coding_Challenges_Hudson_2018 */,
			);
			name = Products;
			sourceTree = "<group>";
		};
		D0C7E7302B2FFF9E0032ED77 /* Swift_Coding_Challenges_Hudson_2018 */ = {
			isa = PBXGroup;
			children = (
				D0C7E7312B2FFF9E0032ED77 /* main.swift */,
				D0C7E7382B2FFFA60032ED77 /* Chapter1.Strings */,
			);
			path = Swift_Coding_Challenges_Hudson_2018;
			sourceTree = "<group>";
		};
		D0C7E7382B2FFFA60032ED77 /* Chapter1.Strings */ = {
			isa = PBXGroup;
			children = (
				D0C7E7392B3000200032ED77 /* Challenge1.swift */,
				D0C7E73B2B3002480032ED77 /* Challenge2.swift */,
				D0C7E73D2B3003D50032ED77 /* Challenge3.swift */,
				D0CE0BC62B486573001ADA30 /* Challenge4.swift */,
				D0CE0BC42B48656A001ADA30 /* Challenge5.swift */,
				D0CE0BC82B489694001ADA30 /* Challenge6.swift */,
				D0CE0BCA2B49673C001ADA30 /* Challenge7.swift */,
				D0CE0BCC2B496CDA001ADA30 /* Challenge8.swift */,
				D0CE0BCE2B497C59001ADA30 /* Challenge9.swift */,
				D0CE0BD02B49886B001ADA30 /* Challenge10.swift */,
				D022B7492B5E0AC600B89A22 /* Challenge11.swift */,
			);
			path = Chapter1.Strings;
			sourceTree = "<group>";
		};
/* End PBXGroup section */

/* Begin PBXNativeTarget section */
		D0C7E72D2B2FFF9E0032ED77 /* Swift_Coding_Challenges_Hudson_2018 */ = {
			isa = PBXNativeTarget;
			buildConfigurationList = D0C7E7352B2FFF9E0032ED77 /* Build configuration list for PBXNativeTarget "Swift_Coding_Challenges_Hudson_2018" */;
			buildPhases = (
				D0C7E72A2B2FFF9E0032ED77 /* Sources */,
				D0C7E72B2B2FFF9E0032ED77 /* Frameworks */,
				D0C7E72C2B2FFF9E0032ED77 /* CopyFiles */,
			);
			buildRules = (
			);
			dependencies = (
			);
			name = Swift_Coding_Challenges_Hudson_2018;
			productName = Swift_Coding_Challenges_Hudson_2018;
			productReference = D0C7E72E2B2FFF9E0032ED77 /* Swift_Coding_Challenges_Hudson_2018 */;
			productType = "com.apple.product-type.tool";
		};
/* End PBXNativeTarget section */

/* Begin PBXProject section */
		D0C7E7262B2FFF9E0032ED77 /* Project object */ = {
			isa = PBXProject;
			attributes = {
				BuildIndependentTargetsInParallel = 1;
				LastSwiftUpdateCheck = 1500;
				LastUpgradeCheck = 1500;
				TargetAttributes = {
					D0C7E72D2B2FFF9E0032ED77 = {
						CreatedOnToolsVersion = 15.0.1;
					};
				};
			};
			buildConfigurationList = D0C7E7292B2FFF9E0032ED77 /* Build configuration list for PBXProject "Swift_Coding_Challenges_Hudson_2018" */;
			compatibilityVersion = "Xcode 14.0";
			developmentRegion = en;
			hasScannedForEncodings = 0;
			knownRegions = (
				en,
				Base,
			);
			mainGroup = D0C7E7252B2FFF9E0032ED77;
			productRefGroup = D0C7E72F2B2FFF9E0032ED77 /* Products */;
			projectDirPath = "";
			projectRoot = "";
			targets = (
				D0C7E72D2B2FFF9E0032ED77 /* Swift_Coding_Challenges_Hudson_2018 */,
			);
		};
/* End PBXProject section */

/* Begin PBXSourcesBuildPhase section */
		D0C7E72A2B2FFF9E0032ED77 /* Sources */ = {
			isa = PBXSourcesBuildPhase;
			buildActionMask = 2147483647;
			files = (
				D0CE0BC72B486573001ADA30 /* Challenge4.swift in Sources */,
				D0CE0BC92B489694001ADA30 /* Challenge6.swift in Sources */,
				D0C7E73C2B3002480032ED77 /* Challenge2.swift in Sources */,
				D0CE0BCF2B497C59001ADA30 /* Challenge9.swift in Sources */,
				D0C7E73E2B3003D50032ED77 /* Challenge3.swift in Sources */,
				D022B74A2B5E0AC600B89A22 /* Challenge11.swift in Sources */,
				D0CE0BD12B49886B001ADA30 /* Challenge10.swift in Sources */,
				D0C7E7322B2FFF9E0032ED77 /* main.swift in Sources */,
				D0CE0BCB2B49673C001ADA30 /* Challenge7.swift in Sources */,
				D0CE0BCD2B496CDA001ADA30 /* Challenge8.swift in Sources */,
				D0CE0BC52B48656A001ADA30 /* Challenge5.swift in Sources */,
				D0C7E73A2B3000200032ED77 /* Challenge1.swift in Sources */,
			);
			runOnlyForDeploymentPostprocessing = 0;
		};
/* End PBXSourcesBuildPhase section */

/* Begin XCBuildConfiguration section */
		D0C7E7332B2FFF9E0032ED77 /* Debug */ = {
			isa = XCBuildConfiguration;
			buildSettings = {
				ALWAYS_SEARCH_USER_PATHS = NO;
				ASSETCATALOG_COMPILER_GENERATE_SWIFT_ASSET_SYMBOL_EXTENSIONS = YES;
				CLANG_ANALYZER_NONNULL = YES;
				CLANG_ANALYZER_NUMBER_OBJECT_CONVERSION = YES_AGGRESSIVE;
				CLANG_CXX_LANGUAGE_STANDARD = "gnu++20";
				CLANG_ENABLE_MODULES = YES;
				CLANG_ENABLE_OBJC_ARC = YES;
				CLANG_ENABLE_OBJC_WEAK = YES;
				CLANG_WARN_BLOCK_CAPTURE_AUTORELEASING = YES;
				CLANG_WARN_BOOL_CONVERSION = YES;
				CLANG_WARN_COMMA = YES;
				CLANG_WARN_CONSTANT_CONVERSION = YES;
				CLANG_WARN_DEPRECATED_OBJC_IMPLEMENTATIONS = YES;
				CLANG_WARN_DIRECT_OBJC_ISA_USAGE = YES_ERROR;
				CLANG_WARN_DOCUMENTATION_COMMENTS = YES;
				CLANG_WARN_EMPTY_BODY = YES;
				CLANG_WARN_ENUM_CONVERSION = YES;
				CLANG_WARN_INFINITE_RECURSION = YES;
				CLANG_WARN_INT_CONVERSION = YES;
				CLANG_WARN_NON_LITERAL_NULL_CONVERSION = YES;
				CLANG_WARN_OBJC_IMPLICIT_RETAIN_SELF = YES;
				CLANG_WARN_OBJC_LITERAL_CONVERSION = YES;
				CLANG_WARN_OBJC_ROOT_CLASS = YES_ERROR;
				CLANG_WARN_QUOTED_INCLUDE_IN_FRAMEWORK_HEADER = YES;
				CLANG_WARN_RANGE_LOOP_ANALYSIS = YES;
				CLANG_WARN_STRICT_PROTOTYPES = YES;
				CLANG_WARN_SUSPICIOUS_MOVE = YES;
				CLANG_WARN_UNGUARDED_AVAILABILITY = YES_AGGRESSIVE;
				CLANG_WARN_UNREACHABLE_CODE = YES;
				CLANG_WARN__DUPLICATE_METHOD_MATCH = YES;
				COPY_PHASE_STRIP = NO;
				DEBUG_INFORMATION_FORMAT = dwarf;
				ENABLE_STRICT_OBJC_MSGSEND = YES;
				ENABLE_TESTABILITY = YES;
				ENABLE_USER_SCRIPT_SANDBOXING = YES;
				GCC_C_LANGUAGE_STANDARD = gnu17;
				GCC_DYNAMIC_NO_PIC = NO;
				GCC_NO_COMMON_BLOCKS = YES;
				GCC_OPTIMIZATION_LEVEL = 0;
				GCC_PREPROCESSOR_DEFINITIONS = (
					"DEBUG=1",
					"$(inherited)",
				);
				GCC_WARN_64_TO_32_BIT_CONVERSION = YES;
				GCC_WARN_ABOUT_RETURN_TYPE = YES_ERROR;
				GCC_WARN_UNDECLARED_SELECTOR = YES;
				GCC_WARN_UNINITIALIZED_AUTOS = YES_AGGRESSIVE;
				GCC_WARN_UNUSED_FUNCTION = YES;
				GCC_WARN_UNUSED_VARIABLE = YES;
				LOCALIZATION_PREFERS_STRING_CATALOGS = YES;
				MACOSX_DEPLOYMENT_TARGET = 14.0;
				MTL_ENABLE_DEBUG_INFO = INCLUDE_SOURCE;
				MTL_FAST_MATH = YES;
				ONLY_ACTIVE_ARCH = YES;
				SDKROOT = macosx;
				SWIFT_ACTIVE_COMPILATION_CONDITIONS = "DEBUG $(inherited)";
				SWIFT_OPTIMIZATION_LEVEL = "-Onone";
			};
			name = Debug;
		};
		D0C7E7342B2FFF9E0032ED77 /* Release */ = {
			isa = XCBuildConfiguration;
			buildSettings = {
				ALWAYS_SEARCH_USER_PATHS = NO;
				ASSETCATALOG_COMPILER_GENERATE_SWIFT_ASSET_SYMBOL_EXTENSIONS = YES;
				CLANG_ANALYZER_NONNULL = YES;
				CLANG_ANALYZER_NUMBER_OBJECT_CONVERSION = YES_AGGRESSIVE;
				CLANG_CXX_LANGUAGE_STANDARD = "gnu++20";
				CLANG_ENABLE_MODULES = YES;
				CLANG_ENABLE_OBJC_ARC = YES;
				CLANG_ENABLE_OBJC_WEAK = YES;
				CLANG_WARN_BLOCK_CAPTURE_AUTORELEASING = YES;
				CLANG_WARN_BOOL_CONVERSION = YES;
				CLANG_WARN_COMMA = YES;
				CLANG_WARN_CONSTANT_CONVERSION = YES;
				CLANG_WARN_DEPRECATED_OBJC_IMPLEMENTATIONS = YES;
				CLANG_WARN_DIRECT_OBJC_ISA_USAGE = YES_ERROR;
				CLANG_WARN_DOCUMENTATION_COMMENTS = YES;
				CLANG_WARN_EMPTY_BODY = YES;
				CLANG_WARN_ENUM_CONVERSION = YES;
				CLANG_WARN_INFINITE_RECURSION = YES;
				CLANG_WARN_INT_CONVERSION = YES;
				CLANG_WARN_NON_LITERAL_NULL_CONVERSION = YES;
				CLANG_WARN_OBJC_IMPLICIT_RETAIN_SELF = YES;
				CLANG_WARN_OBJC_LITERAL_CONVERSION = YES;
				CLANG_WARN_OBJC_ROOT_CLASS = YES_ERROR;
				CLANG_WARN_QUOTED_INCLUDE_IN_FRAMEWORK_HEADER = YES;
				CLANG_WARN_RANGE_LOOP_ANALYSIS = YES;
				CLANG_WARN_STRICT_PROTOTYPES = YES;
				CLANG_WARN_SUSPICIOUS_MOVE = YES;
				CLANG_WARN_UNGUARDED_AVAILABILITY = YES_AGGRESSIVE;
				CLANG_WARN_UNREACHABLE_CODE = YES;
				CLANG_WARN__DUPLICATE_METHOD_MATCH = YES;
				COPY_PHASE_STRIP = NO;
				DEBUG_INFORMATION_FORMAT = "dwarf-with-dsym";
				ENABLE_NS_ASSERTIONS = NO;
				ENABLE_STRICT_OBJC_MSGSEND = YES;
				ENABLE_USER_SCRIPT_SANDBOXING = YES;
				GCC_C_LANGUAGE_STANDARD = gnu17;
				GCC_NO_COMMON_BLOCKS = YES;
				GCC_WARN_64_TO_32_BIT_CONVERSION = YES;
				GCC_WARN_ABOUT_RETURN_TYPE = YES_ERROR;
				GCC_WARN_UNDECLARED_SELECTOR = YES;
				GCC_WARN_UNINITIALIZED_AUTOS = YES_AGGRESSIVE;
				GCC_WARN_UNUSED_FUNCTION = YES;
				GCC_WARN_UNUSED_VARIABLE = YES;
				LOCALIZATION_PREFERS_STRING_CATALOGS = YES;
				MACOSX_DEPLOYMENT_TARGET = 14.0;
				MTL_ENABLE_DEBUG_INFO = NO;
				MTL_FAST_MATH = YES;
				SDKROOT = macosx;
				SWIFT_COMPILATION_MODE = wholemodule;
			};
			name = Release;
		};
		D0C7E7362B2FFF9E0032ED77 /* Debug */ = {
			isa = XCBuildConfiguration;
			buildSettings = {
				CODE_SIGN_STYLE = Automatic;
				DEVELOPMENT_TEAM = ZT525LAF69;
				ENABLE_HARDENED_RUNTIME = YES;
				PRODUCT_NAME = "$(TARGET_NAME)";
				SWIFT_VERSION = 5.0;
			};
			name = Debug;
		};
		D0C7E7372B2FFF9E0032ED77 /* Release */ = {
			isa = XCBuildConfiguration;
			buildSettings = {
				CODE_SIGN_STYLE = Automatic;
				DEVELOPMENT_TEAM = ZT525LAF69;
				ENABLE_HARDENED_RUNTIME = YES;
				PRODUCT_NAME = "$(TARGET_NAME)";
				SWIFT_VERSION = 5.0;
			};
			name = Release;
		};
/* End XCBuildConfiguration section */

/* Begin XCConfigurationList section */
		D0C7E7292B2FFF9E0032ED77 /* Build configuration list for PBXProject "Swift_Coding_Challenges_Hudson_2018" */ = {
			isa = XCConfigurationList;
			buildConfigurations = (
				D0C7E7332B2FFF9E0032ED77 /* Debug */,
				D0C7E7342B2FFF9E0032ED77 /* Release */,
			);
			defaultConfigurationIsVisible = 0;
			defaultConfigurationName = Release;
		};
		D0C7E7352B2FFF9E0032ED77 /* Build configuration list for PBXNativeTarget "Swift_Coding_Challenges_Hudson_2018" */ = {
			isa = XCConfigurationList;
			buildConfigurations = (
				D0C7E7362B2FFF9E0032ED77 /* Debug */,
				D0C7E7372B2FFF9E0032ED77 /* Release */,
			);
			defaultConfigurationIsVisible = 0;
			defaultConfigurationName = Release;
		};
/* End XCConfigurationList section */
	};
	rootObject = D0C7E7262B2FFF9E0032ED77 /* Project object */;
}
